{
  "name": "blog",
  "version": "1.0.0",
  "lockfileVersion": 1,
  "requires": true,
  "dependencies": {
    "@types/wechat-miniprogram": {
      "version": "3.1.0",
      "resolved": "https://registry.npmjs.org/@types/wechat-miniprogram/-/wechat-miniprogram-3.1.0.tgz",
      "integrity": "sha512-p9nePsWeNcZrwUwoiLTU5s1Z4KpXeCSbGYxmU9IhGyXQZA0oeYdQVvA1QBlcRbKayRS4TQvZlSV8OSx4fpnCpg=="
    },
    "@vant/weapp": {
      "version": "1.5.2",
      "resolved": "https://registry.npmjs.org/@vant/weapp/-/weapp-1.5.2.tgz",
      "integrity": "sha512-jJFVszQXijyFN+D85Dmu3BGRwr5Ofh/MSByq1VPSoN1FeIisHNtcpfLycYzjJRkpPCfm9T1L9YlOUskWXnjJNQ==",
      "requires": {
        "@types/wechat-miniprogram": "^3.0.0"
      }
    }
  }
}
